<Solution>
  <Folder Name="/AccountService/">
    <Project Path="AccountService.API/AccountService.API.csproj" Id="752ce8d5-bdf6-4523-bf1b-0470ec643121" />
    <Project Path="AccountService.Application/AccountService.Application.csproj" Id="ab14ac21-059a-459d-bfcf-22b3d566d59f" />
    <Project Path="AccountService.Domain/AccountService.Domain.csproj" Id="7006b317-075d-4b2b-b151-4a5bb14eac51" />
    <Project Path="AccountService.Infrastructure/AccountService.Infrastructure.csproj" Id="e1078e8b-c624-4a09-9f06-aae9afb219da" />
    <Project Path="AccountService.Protos/AccountService.Protos.csproj" Id="27723310-714f-4028-b2c1-3127596c6915" />
  </Folder>
  <Folder Name="/AuthService/">
    <Project Path="AuthService.API/AuthService.API.csproj" Id="80169dfa-dbd7-4526-adec-25e66e14eb3c" />
    <Project Path="AuthService.Application/AuthService.Application.csproj" Id="5b13b5bd-e9b4-4878-a03b-d5bff9292993" />
    <Project Path="AuthService.Domain/AuthService.Domain.csproj" Id="3895251c-e6d7-4b3d-a85e-0081ab442e15" />
    <Project Path="AuthService.Infrastructure/AuthService.Infrastructure.csproj" Id="bb814a9f-4ed0-4282-beb8-a7ca67fa6f2c" />
    <Project Path="AuthService.Protos/AuthService.Protos.csproj" Id="d933e215-eb4e-4174-aa7c-50df5bd2e47b" />
  </Folder>
  <Folder Name="/CoursesService/">
    <Project Path="CoursesService.API/CoursesService.API.csproj" Id="689a6e90-6be6-4eb6-b8bd-d0fe8bccec7a" />
    <Project Path="CoursesService.Application/CoursesService.Application.csproj" Id="e1ea63f7-0a25-405c-8bf7-6738b3fa2ccf" />
    <Project Path="CoursesService.Domain/CoursesService.Domain.csproj" Id="cbf6eb44-d7b5-4708-adae-315f2668dbf8" />
    <Project Path="CoursesService.Infrastructure/CoursesService.Infrastructure.csproj" Id="106fb097-2612-4ce8-b8b7-6495ce82ab2d" />
    <Project Path="CoursesService.Protos/CoursesService.Protos.csproj" Id="6a5b2986-bda5-40d8-9cb0-a935b6ac69b4" />
  </Folder>
  <Folder Name="/EmailService/">
    <Project Path="EmailService.API/EmailService.API.csproj" Id="81ef623a-8e37-4ad4-abf7-f64682e6fc9e" />
    <Project Path="EmailService.Application/EmailService.Application.csproj" Id="999f9fd8-427f-4293-98f9-2d339d56c37a" />
    <Project Path="EmailService.Domain/EmailService.Domain.csproj" Id="ec120357-3850-420e-817c-4a80a0ae2ba1" />
    <Project Path="EmailService.Infrastructure/EmailService.Infrastructure.csproj" Id="c0bdf302-8af9-4ad1-8358-81a3da0aed2a" />
    <Project Path="EmailService.Protos/EmailService.Protos.csproj" Id="5f3f75bf-39e2-4d98-bf1d-f73f6fe76da1" />
  </Folder>
  <Folder Name="/LecturesService/">
    <Project Path="LecturesService.API/LecturesService.API.csproj" Id="444bc98e-59e0-48c6-9ceb-0a68ada2758e" />
    <Project Path="LecturesService.Application/LecturesService.Application.csproj" Id="b449ba64-f5ab-4531-8a87-05486439a264" />
    <Project Path="LecturesService.Domain/LecturesService.Domain.csproj" Id="921a19f5-38bc-4555-b953-dc642d3578d6" />
    <Project Path="LecturesService.Infrastructure/LecturesService.Infrastructure.csproj" Id="a4aa15a8-fe50-415a-9fb6-b75380d8ca17" />
    <Project Path="LecturesService.Protos/LecturesService.Protos.csproj" Id="1a0fff36-b6de-471b-abb9-0f98ca522c34" />
  </Folder>
  <Folder Name="/PaymentService/">
    <Project Path="PaymentService.API/PaymentService.API.csproj" Id="513e91e1-8495-4a72-9969-a183d59eafc6" />
    <Project Path="PaymentService.Domain/PaymentService.Domain.csproj" Id="6590958d-b2e5-41b2-9d3e-d758e70edba5" />
    <Project Path="PaymentService.Infrastructure/PaymentService.Infrastructure.csproj" Id="609caaeb-d811-49d3-b464-2735c0c95c01" />
    <Project Path="PaymentService.Protos/PaymentService.Protos.csproj" Id="19930bac-1451-47e9-a33e-02072354d12a" />
  </Folder>
  <Folder Name="/ProgressService/">
    <Project Path="ProgressService.API/ProgressService.API.csproj" Id="a7fb1c68-d42d-416d-9681-ed87cbd3fc00" />
    <Project Path="ProgressService.Domain/ProgressService.Domain.csproj" Id="d6b59466-688b-43bf-a843-aaf61c420f3e" />
    <Project Path="ProgressService.Infrastructure/ProgressService.Infrastructure.csproj" Id="4c9f8ee3-ea9f-4521-bce6-f5c341588a04" />
  </Folder>
  <Folder Name="/SearchService/">
    <Project Path="SearchService.API/SearchService.API.csproj" Id="b664a1e1-517c-4009-a11d-40bc400cd23d" />
    <Project Path="SearchService.Application/SearchService.Application.csproj" Id="63e02a7e-e176-4916-af5f-a3b29fbb0b40" />
    <Project Path="SearchService.Domain/SearchService.Domain.csproj" Id="c60f3b46-1cc6-409b-9533-80251c8d82c1" />
    <Project Path="SearchService.Infrastructure/SearchService.Infrastructure.csproj" Id="b57c848a-1b77-4493-a424-04e86e955d2e" />
    <Project Path="SearchService.Protos/SearchService.Protos.csproj" Id="523859f5-2b12-417f-882a-6645361e7aac" />
  </Folder>
  <Folder Name="/Shared/">
    <Project Path="Common/Common.csproj" Id="305c7a6d-57ca-4cfb-926c-3d4fe515d56d" />
  </Folder>
  <Folder Name="/Tests/">
    <Project Path="CoursesService.Application.Tests/CoursesService.Application.Tests.csproj" Id="9da822fa-44e6-4402-905e-e70b4219e4ba" />
    <Project Path="LecturesService.Application.Tests/LecturesService.Application.Tests.csproj" Id="69797dea-e7c9-480d-ac21-82c7e56ab966" />
    <Project Path="TestsService.Application.Tests/TestsService.Application.Tests.csproj" Id="17a781aa-91ac-444c-9428-2be58a65422a" />
  </Folder>
  <Folder Name="/TestsService/">
    <Project Path="TestsService.API/TestsService.API.csproj" Id="0153995a-4482-4af2-89d6-3d9051abfd09" />
    <Project Path="TestsService.Application/TestsService.Application.csproj" Id="e435e4c0-e8b3-42ff-93a4-ddada944fa04" />
    <Project Path="TestsService.Domain/TestsService.Domain.csproj" Id="6bfe2d68-e901-41bb-a5ba-7c46230dd20a" />
    <Project Path="TestsService.Infrastructure/TestsService.Infrastructure.csproj" Id="ea1f57a3-70b5-4fe4-aa17-323e55c57d3a" />
    <Project Path="TestsService.Protos/TestsService.Protos.csproj" Id="e703d888-93dd-4226-b176-2df4b63e1d22" />
  </Folder>
</Solution>
